
Microsoft Visual Studio Solution File, Format Version 12.00
# Visual Studio 15
VisualStudioVersion = 15.0.28307.902
MinimumVisualStudioVersion = 10.0.40219.1
Project("{FAE04EC0-301F-11D3-BF4B-00C04F79EFBC}") = "NetCoreRepositoryPattern", "NetCoreRepositoryPattern\NetCoreRepositoryPattern.csproj", "{1460FE44-DD95-47A7-A0C0-BD7363BCA400}"
EndProject
Global
	GlobalSection(SolutionConfigurationPlatforms) = preSolution
		Debug|Any CPU = Debug|Any CPU
		Release|Any CPU = Release|Any CPU
	EndGlobalSection
	GlobalSection(ProjectConfigurationPlatforms) = postSolution
		{1460FE44-DD95-47A7-A0C0-BD7363BCA400}.Debug|Any CPU.ActiveCfg = Debug|Any CPU
		{1460FE44-DD95-47A7-A0C0-BD7363BCA400}.Debug|Any CPU.Build.0 = Debug|Any CPU
		{1460FE44-DD95-47A7-A0C0-BD7363BCA400}.Release|Any CPU.ActiveCfg = Release|Any CPU
		{1460FE44-DD95-47A7-A0C0-BD7363BCA400}.Release|Any CPU.Build.0 = Release|Any CPU
	EndGlobalSection
	GlobalSection(SolutionProperties) = preSolution
		HideSolutionNode = FALSE
	EndGlobalSection
	GlobalSection(ExtensibilityGlobals) = postSolution
		SolutionGuid = {34847AA3-E92C-4A0F-9B07-D9D61F283978}
	EndGlobalSection
EndGlobal
